{
  "nodes": {
    "agenix": {
      "inputs": {
        "darwin": [
          "darwin-old-for-agenix"
        ],
        "home-manager": [
          "home-manager"
        ],
        "nixpkgs": [
          "nixpkgs"
        ],
        "systems": "systems"
      },
      "locked": {
        "lastModified": 1703433843,
        "narHash": "sha256-nmtA4KqFboWxxoOAA6Y1okHbZh+HsXaMPFkYHsoDRDw=",
        "owner": "ryantm",
        "repo": "agenix",
        "rev": "417caa847f9383e111d1397039c9d4337d024bf0",
        "type": "github"
      },
      "original": {
        "owner": "ryantm",
        "repo": "agenix",
        "type": "github"
      }
    },
    "blobs": {
      "flake": false,
      "locked": {
        "lastModified": 1604995301,
        "narHash": "sha256-wcLzgLec6SGJA8fx1OEN1yV/Py5b+U5iyYpksUY/yLw=",
        "owner": "simple-nixos-mailserver",
        "repo": "blobs",
        "rev": "2cccdf1ca48316f2cfd1c9a0017e8de5a7156265",
        "type": "gitlab"
      },
      "original": {
        "owner": "simple-nixos-mailserver",
        "repo": "blobs",
        "type": "gitlab"
      }
    },
    "conduit": {
      "inputs": {
        "crane": "crane",
        "fenix": "fenix",
        "flake-utils": "flake-utils",
        "nixpkgs": "nixpkgs"
      },
      "locked": {
        "lastModified": 1703432212,
        "narHash": "sha256-v/wpbH/xuh9SJjLeCQIDiCeEbyui2WuWvIjOIH+lx80=",
        "owner": "famedly",
        "repo": "conduit",
        "rev": "ca6219723b0d562d86a69824720215f8a1851836",
        "type": "gitlab"
      },
      "original": {
        "owner": "famedly",
        "ref": "next",
        "repo": "conduit",
        "type": "gitlab"
      }
    },
    "crane": {
      "inputs": {
        "flake-compat": "flake-compat",
        "flake-utils": [
          "conduit",
          "flake-utils"
        ],
        "nixpkgs": [
          "conduit",
          "nixpkgs"
        ],
        "rust-overlay": "rust-overlay"
      },
      "locked": {
        "lastModified": 1688772518,
        "narHash": "sha256-ol7gZxwvgLnxNSZwFTDJJ49xVY5teaSvF7lzlo3YQfM=",
        "owner": "ipetkov",
        "repo": "crane",
        "rev": "8b08e96c9af8c6e3a2b69af5a7fa168750fcf88e",
        "type": "github"
      },
      "original": {
        "owner": "ipetkov",
        "repo": "crane",
        "type": "github"
      }
    },
    "darwin": {
      "inputs": {
        "nixpkgs": [
          "nixpkgs"
        ]
      },
      "locked": {
        "lastModified": 1703990467,
        "narHash": "sha256-LItEeQVwDfLnavNskwdfRnonbEdq8DYiJlWRtF+bwng=",
        "owner": "lnl7",
        "repo": "nix-darwin",
        "rev": "1a41453cba42a3a1af2fff003be455ddbd75386c",
        "type": "github"
      },
      "original": {
        "owner": "lnl7",
        "repo": "nix-darwin",
        "type": "github"
      }
    },
    "darwin-old-for-agenix": {
      "inputs": {
        "nixpkgs": "nixpkgs_2"
      },
      "locked": {
        "lastModified": 1689065945,
        "narHash": "sha256-0LICmtzO3nkbeRCYdkzHCnEVjldSFiHMG56uA/W2BAE=",
        "owner": "lnl7",
        "repo": "nix-darwin",
        "rev": "22620845fee1cc16f4ea639509c50fd989ccc1ce",
        "type": "github"
      },
      "original": {
        "owner": "lnl7",
        "ref": "22620845fee1cc16f4ea639509c50fd989ccc1ce",
        "repo": "nix-darwin",
        "type": "github"
      }
    },
    "disko": {
      "inputs": {
        "nixpkgs": [
          "nixpkgs"
        ]
      },
      "locked": {
        "lastModified": 1704072400,
        "narHash": "sha256-Es4zcFoCJ+Pa9TN46VoqgNlYznuhc6s50LRcDqQEATs=",
        "owner": "nix-community",
        "repo": "disko",
        "rev": "59f915b45a38cb0ec0e97a713237877a06b43386",
        "type": "github"
      },
      "original": {
        "owner": "nix-community",
        "repo": "disko",
        "type": "github"
      }
    },
    "fenix": {
      "inputs": {
        "nixpkgs": [
          "conduit",
          "nixpkgs"
        ],
        "rust-analyzer-src": "rust-analyzer-src"
      },
      "locked": {
        "lastModified": 1689488573,
        "narHash": "sha256-diVASflKCCryTYv0djvMnP2444mFsIG0ge5pa7ahauQ=",
        "owner": "nix-community",
        "repo": "fenix",
        "rev": "39096fe3f379036ff4a5fa198950b8e79defe939",
        "type": "github"
      },
      "original": {
        "owner": "nix-community",
        "repo": "fenix",
        "type": "github"
      }
    },
    "fl-config": {
      "locked": {
        "lastModified": 1653159448,
        "narHash": "sha256-PvB9ha0r4w6p412MBPP71kS/ZTBnOjxL0brlmyucPBA=",
        "owner": "flakelib",
        "repo": "fl",
        "rev": "fcefb9738d5995308a24cda018a083ccb6b0f460",
        "type": "github"
      },
      "original": {
        "owner": "flakelib",
        "ref": "config",
        "repo": "fl",
        "type": "github"
      }
    },
    "flake-compat": {
      "flake": false,
      "locked": {
        "lastModified": 1673956053,
        "narHash": "sha256-4gtG9iQuiKITOjNQQeQIpoIB6b16fm+504Ch3sNKLd8=",
        "owner": "edolstra",
        "repo": "flake-compat",
        "rev": "35bb57c0c8d8b62bbfd284272c928ceb64ddbde9",
        "type": "github"
      },
      "original": {
        "owner": "edolstra",
        "repo": "flake-compat",
        "type": "github"
      }
    },
    "flake-compat_2": {
      "flake": false,
      "locked": {
        "lastModified": 1668681692,
        "narHash": "sha256-Ht91NGdewz8IQLtWZ9LCeNXMSXHUss+9COoqu6JLmXU=",
        "owner": "edolstra",
        "repo": "flake-compat",
        "rev": "009399224d5e398d03b22badca40a37ac85412a1",
        "type": "github"
      },
      "original": {
        "owner": "edolstra",
        "repo": "flake-compat",
        "type": "github"
      }
    },
    "flake-parts": {
      "inputs": {
        "nixpkgs-lib": [
          "nixpkgs"
        ]
      },
      "locked": {
        "lastModified": 1701473968,
        "narHash": "sha256-YcVE5emp1qQ8ieHUnxt1wCZCC3ZfAS+SRRWZ2TMda7E=",
        "owner": "hercules-ci",
        "repo": "flake-parts",
        "rev": "34fed993f1674c8d06d58b37ce1e0fe5eebcb9f5",
        "type": "github"
      },
      "original": {
        "owner": "hercules-ci",
        "repo": "flake-parts",
        "type": "github"
      }
    },
    "flake-utils": {
      "inputs": {
        "systems": "systems_2"
      },
      "locked": {
        "lastModified": 1689068808,
        "narHash": "sha256-6ixXo3wt24N/melDWjq70UuHQLxGV8jZvooRanIHXw0=",
        "owner": "numtide",
        "repo": "flake-utils",
        "rev": "919d646de7be200f3bf08cb76ae1f09402b6f9b4",
        "type": "github"
      },
      "original": {
        "owner": "numtide",
        "repo": "flake-utils",
        "type": "github"
      }
    },
    "flakelib": {
      "inputs": {
        "fl-config": "fl-config",
        "std": "std"
      },
      "locked": {
        "lastModified": 1701802971,
        "narHash": "sha256-Zo5fJpXbe+xXOTiDT4JG2rExobMJTmFZ72+3XTMMHrQ=",
        "owner": "flakelib",
        "repo": "fl",
        "rev": "b71a91517f6b16aa5faefe8ec491d9f3062d7a20",
        "type": "github"
      },
      "original": {
        "owner": "flakelib",
        "repo": "fl",
        "type": "github"
      }
    },
    "haskell-flake": {
      "locked": {
        "lastModified": 1684780604,
        "narHash": "sha256-2uMZsewmRn7rRtAnnQNw1lj0uZBMh4m6Cs/7dV5YF08=",
        "owner": "srid",
        "repo": "haskell-flake",
        "rev": "74210fa80a49f1b6f67223debdbf1494596ff9f2",
        "type": "github"
      },
      "original": {
        "owner": "srid",
        "ref": "0.3.0",
        "repo": "haskell-flake",
        "type": "github"
      }
    },
    "hercules-ci-agent": {
      "inputs": {
        "flake-parts": [
          "flake-parts"
        ],
        "haskell-flake": "haskell-flake",
        "nixpkgs": "nixpkgs_3"
      },
      "locked": {
        "lastModified": 1703653834,
        "narHash": "sha256-k+pxfFoorlE78pNx7vUFOs+mdtVwfH3LRDFXRhC7E2g=",
        "owner": "hercules-ci",
        "repo": "hercules-ci-agent",
        "rev": "429ef2392873f2d249096bad07250ce73c88a736",
        "type": "github"
      },
      "original": {
        "owner": "hercules-ci",
        "repo": "hercules-ci-agent",
        "type": "github"
      }
    },
    "hercules-ci-effects": {
      "inputs": {
        "flake-parts": [
          "flake-parts"
        ],
        "nixpkgs": "nixpkgs_4"
      },
      "locked": {
        "lastModified": 1704029560,
        "narHash": "sha256-a4Iu7x1OP+uSYpqadOu8VCPY+MPF3+f6KIi+MAxlgyw=",
        "owner": "hercules-ci",
        "repo": "hercules-ci-effects",
        "rev": "d5cbf433a6ae9cae05400189a8dbc6412a03ba16",
        "type": "github"
      },
      "original": {
        "owner": "hercules-ci",
        "repo": "hercules-ci-effects",
        "type": "github"
      }
    },
    "home-manager": {
      "inputs": {
        "nixpkgs": [
          "nixpkgs"
        ]
      },
      "locked": {
        "lastModified": 1703995158,
        "narHash": "sha256-oYMwbObpWheGeeNWY1LjO/+omrbAWDNdyzNDxTr2jo8=",
        "owner": "nix-community",
        "repo": "home-manager",
        "rev": "2e8634c252890cb38c60ab996af04926537cbc27",
        "type": "github"
      },
      "original": {
        "owner": "nix-community",
        "repo": "home-manager",
        "type": "github"
      }
    },
    "mailserver": {
      "inputs": {
        "blobs": "blobs",
        "flake-compat": "flake-compat_2",
        "nixpkgs": [
          "nixpkgs"
        ],
        "nixpkgs-22_11": "nixpkgs-22_11",
        "nixpkgs-23_05": "nixpkgs-23_05",
        "utils": "utils"
      },
      "locked": {
        "lastModified": 1703666786,
        "narHash": "sha256-SLPNpM/rI8XPyVJAxMYAe+n6NiYSpuXvdwPILHP4yZI=",
        "owner": "simple-nixos-mailserver",
        "repo": "nixos-mailserver",
        "rev": "b5023b36a1f6628865cb42b4353bd2ddde0ea9f4",
        "type": "gitlab"
      },
      "original": {
        "owner": "simple-nixos-mailserver",
        "repo": "nixos-mailserver",
        "type": "gitlab"
      }
    },
    "nh": {
      "inputs": {
        "nixpkgs": [
          "nixpkgs"
        ]
      },
      "locked": {
        "lastModified": 1703024852,
        "narHash": "sha256-mVJ/99zkqpqDDs68jYIVYyQH6NBgciKnUg8AfWyXSAM=",
        "owner": "viperML",
        "repo": "nh",
        "rev": "37b0d469a328a5b5969eacdf137f1e6b86c75a1d",
        "type": "github"
      },
      "original": {
        "owner": "viperML",
        "repo": "nh",
        "type": "github"
      }
    },
    "niko-nur": {
      "inputs": {
        "flake-parts": [
          "flake-parts"
        ],
        "nixpkgs": "nixpkgs_5"
      },
      "locked": {
        "lastModified": 1690830552,
        "narHash": "sha256-8n8PipmWZnnE56QlhcGQCKG5cMU8v+NTaFkJzBM6k4w=",
        "owner": "nrabulinski",
        "repo": "nur-packages",
        "rev": "b19fe09dd3f325ff2731b83f230e2573b67db4aa",
        "type": "github"
      },
      "original": {
        "owner": "nrabulinski",
        "repo": "nur-packages",
        "type": "github"
      }
    },
    "nix-std": {
      "locked": {
        "lastModified": 1701658249,
        "narHash": "sha256-KIt1TUuBvldhaVRta010MI5FeQlB8WadjqljybjesN0=",
        "owner": "chessai",
        "repo": "nix-std",
        "rev": "715db541ffff4194620e48d210b76f73a74b5b5d",
        "type": "github"
      },
      "original": {
        "owner": "chessai",
        "repo": "nix-std",
        "type": "github"
      }
    },
    "nixpkgs": {
      "locked": {
        "lastModified": 1689444953,
        "narHash": "sha256-0o56bfb2LC38wrinPdCGLDScd77LVcr7CrH1zK7qvDg=",
        "owner": "NixOS",
        "repo": "nixpkgs",
        "rev": "8acef304efe70152463a6399f73e636bcc363813",
        "type": "github"
      },
      "original": {
        "owner": "NixOS",
        "ref": "nixos-unstable",
        "repo": "nixpkgs",
        "type": "github"
      }
    },
    "nixpkgs-22_11": {
      "locked": {
        "lastModified": 1669558522,
        "narHash": "sha256-yqxn+wOiPqe6cxzOo4leeJOp1bXE/fjPEi/3F/bBHv8=",
        "owner": "NixOS",
        "repo": "nixpkgs",
        "rev": "ce5fe99df1f15a09a91a86be9738d68fadfbad82",
        "type": "github"
      },
      "original": {
        "id": "nixpkgs",
        "ref": "nixos-22.11",
        "type": "indirect"
      }
    },
    "nixpkgs-23_05": {
      "locked": {
        "lastModified": 1684782344,
        "narHash": "sha256-SHN8hPYYSX0thDrMLMWPWYulK3YFgASOrCsIL3AJ78g=",
        "owner": "NixOS",
        "repo": "nixpkgs",
        "rev": "8966c43feba2c701ed624302b6a935f97bcbdf88",
        "type": "github"
      },
      "original": {
        "id": "nixpkgs",
        "ref": "nixos-23.05",
        "type": "indirect"
      }
    },
    "nixpkgs_2": {
      "locked": {
        "lastModified": 1687274257,
        "narHash": "sha256-TutzPriQcZ8FghDhEolnHcYU2oHIG5XWF+/SUBNnAOE=",
        "path": "/nix/store/22qgs3skscd9bmrxv9xv4q5d4wwm5ppx-source",
        "rev": "2c9ecd1f0400076a4d6b2193ad468ff0a7e7fdc5",
        "type": "path"
      },
      "original": {
        "id": "nixpkgs",
        "type": "indirect"
      }
    },
    "nixpkgs_3": {
      "locked": {
        "lastModified": 1703255338,
        "narHash": "sha256-Z6wfYJQKmDN9xciTwU3cOiOk+NElxdZwy/FiHctCzjU=",
        "owner": "NixOS",
        "repo": "nixpkgs",
        "rev": "6df37dc6a77654682fe9f071c62b4242b5342e04",
        "type": "github"
      },
      "original": {
        "owner": "NixOS",
        "ref": "nixos-unstable",
        "repo": "nixpkgs",
        "type": "github"
      }
    },
    "nixpkgs_4": {
      "locked": {
        "lastModified": 1703637592,
        "narHash": "sha256-8MXjxU0RfFfzl57Zy3OfXCITS0qWDNLzlBAdwxGZwfY=",
        "owner": "NixOS",
        "repo": "nixpkgs",
        "rev": "cfc3698c31b1fb9cdcf10f36c9643460264d0ca8",
        "type": "github"
      },
      "original": {
        "owner": "NixOS",
        "ref": "nixos-unstable",
        "repo": "nixpkgs",
        "type": "github"
      }
    },
    "nixpkgs_5": {
      "locked": {
        "lastModified": 1690753480,
        "narHash": "sha256-GQgPs8fCh/LsyQoYMUZgT2p7jFVWyHu9p+1Nl/dp8GY=",
        "owner": "nixos",
        "repo": "nixpkgs",
        "rev": "9e06dd56947c1dc3dc837c3149bfe02c71a6edd7",
        "type": "github"
      },
      "original": {
        "owner": "nixos",
        "ref": "nixpkgs-unstable",
        "repo": "nixpkgs",
        "type": "github"
      }
    },
    "nixpkgs_6": {
      "locked": {
        "lastModified": 1704008649,
        "narHash": "sha256-rGPSWjXTXTurQN9beuHdyJhB8O761w1Zc5BqSSmHvoM=",
        "owner": "nixos",
        "repo": "nixpkgs",
        "rev": "d44d59d2b5bd694cd9d996fd8c51d03e3e9ba7f7",
        "type": "github"
      },
      "original": {
        "owner": "nixos",
        "ref": "nixpkgs-unstable",
        "repo": "nixpkgs",
        "type": "github"
      }
    },
    "nvidia-patch": {
      "inputs": {
        "flakelib": "flakelib",
        "nixpkgs": [
          "nixpkgs"
        ],
        "nvidia-patch-src": "nvidia-patch-src"
      },
      "locked": {
        "lastModified": 1702457215,
        "narHash": "sha256-QeqXu5Dc+4M0O0Qv8dIUouy4v9D4Y+deT2+3ldH/i/Y=",
        "owner": "arcnmx",
        "repo": "nvidia-patch.nix",
        "rev": "2bad380b4c3406f339d4c4940aec0e0b8e3587e4",
        "type": "github"
      },
      "original": {
        "owner": "arcnmx",
        "repo": "nvidia-patch.nix",
        "type": "github"
      }
    },
    "nvidia-patch-src": {
      "flake": false,
      "locked": {
        "lastModified": 1702442482,
        "narHash": "sha256-85h94r3XZq1wME6+AxsTIIsM1TmMMr97RJjDygdnxtA=",
        "owner": "keylase",
        "repo": "nvidia-patch",
        "rev": "564c0661a942f7163cb2cfa6cb1b14b4bcff3a30",
        "type": "github"
      },
      "original": {
        "owner": "keylase",
        "repo": "nvidia-patch",
        "type": "github"
      }
    },
    "racket": {
      "inputs": {
        "nixpkgs": [
          "nixpkgs"
        ]
      },
      "locked": {
        "lastModified": 1693462146,
        "narHash": "sha256-4UItztSrmmLc3+sSHh3CVcHuNRJupNsXCRKG00vpC/8=",
        "owner": "nrabulinski",
        "repo": "racket.nix",
        "rev": "e1f79a4db7a05e2ff139ac76c64ff5eb6b8d4fea",
        "type": "github"
      },
      "original": {
        "owner": "nrabulinski",
        "repo": "racket.nix",
        "type": "github"
      }
    },
    "root": {
      "inputs": {
        "agenix": "agenix",
        "conduit": "conduit",
        "darwin": "darwin",
        "darwin-old-for-agenix": "darwin-old-for-agenix",
        "disko": "disko",
        "flake-parts": "flake-parts",
        "hercules-ci-agent": "hercules-ci-agent",
        "hercules-ci-effects": "hercules-ci-effects",
        "home-manager": "home-manager",
        "mailserver": "mailserver",
        "nh": "nh",
        "niko-nur": "niko-nur",
        "nixpkgs": "nixpkgs_6",
        "nvidia-patch": "nvidia-patch",
        "racket": "racket",
        "wrapper-manager": "wrapper-manager",
        "wrapper-manager-hm-compat": "wrapper-manager-hm-compat"
      }
    },
    "rust-analyzer-src": {
      "flake": false,
      "locked": {
        "lastModified": 1689441253,
        "narHash": "sha256-4MSDZaFI4DOfsLIZYPMBl0snzWhX1/OqR/QHir382CY=",
        "owner": "rust-lang",
        "repo": "rust-analyzer",
        "rev": "996e054f1eb1dbfc8455ecabff0f6ff22ba7f7c8",
        "type": "github"
      },
      "original": {
        "owner": "rust-lang",
        "ref": "nightly",
        "repo": "rust-analyzer",
        "type": "github"
      }
    },
    "rust-overlay": {
      "inputs": {
        "flake-utils": [
          "conduit",
          "crane",
          "flake-utils"
        ],
        "nixpkgs": [
          "conduit",
          "crane",
          "nixpkgs"
        ]
      },
      "locked": {
        "lastModified": 1688351637,
        "narHash": "sha256-CLTufJ29VxNOIZ8UTg0lepsn3X03AmopmaLTTeHDCL4=",
        "owner": "oxalica",
        "repo": "rust-overlay",
        "rev": "f9b92316727af9e6c7fee4a761242f7f46880329",
        "type": "github"
      },
      "original": {
        "owner": "oxalica",
        "repo": "rust-overlay",
        "type": "github"
      }
    },
    "std": {
      "inputs": {
        "nix-std": "nix-std"
      },
      "locked": {
        "lastModified": 1701802337,
        "narHash": "sha256-JCVCyjDZ6LA0xyVoDZzRXjy0OgWOZo3OpeZEVm/U97w=",
        "owner": "flakelib",
        "repo": "std",
        "rev": "443d1c8246b3d96a4822b02af907ca0d833e8b63",
        "type": "github"
      },
      "original": {
        "owner": "flakelib",
        "repo": "std",
        "type": "github"
      }
    },
    "systems": {
      "locked": {
        "lastModified": 1681028828,
        "narHash": "sha256-Vy1rq5AaRuLzOxct8nz4T6wlgyUR7zLU309k9mBC768=",
        "owner": "nix-systems",
        "repo": "default",
        "rev": "da67096a3b9bf56a91d16901293e51ba5b49a27e",
        "type": "github"
      },
      "original": {
        "owner": "nix-systems",
        "repo": "default",
        "type": "github"
      }
    },
    "systems_2": {
      "locked": {
        "lastModified": 1681028828,
        "narHash": "sha256-Vy1rq5AaRuLzOxct8nz4T6wlgyUR7zLU309k9mBC768=",
        "owner": "nix-systems",
        "repo": "default",
        "rev": "da67096a3b9bf56a91d16901293e51ba5b49a27e",
        "type": "github"
      },
      "original": {
        "owner": "nix-systems",
        "repo": "default",
        "type": "github"
      }
    },
    "utils": {
      "locked": {
        "lastModified": 1605370193,
        "narHash": "sha256-YyMTf3URDL/otKdKgtoMChu4vfVL3vCMkRqpGifhUn0=",
        "owner": "numtide",
        "repo": "flake-utils",
        "rev": "5021eac20303a61fafe17224c087f5519baed54d",
        "type": "github"
      },
      "original": {
        "owner": "numtide",
        "repo": "flake-utils",
        "type": "github"
      }
    },
    "wrapper-manager": {
      "inputs": {
        "nixpkgs": [
          "nixpkgs"
        ]
      },
      "locked": {
        "lastModified": 1702396227,
        "narHash": "sha256-JTgwZK6m3Lt1LrjgWdl5+9RyDlAI9mzH3QHFMY8RwVY=",
        "owner": "viperML",
        "repo": "wrapper-manager",
        "rev": "3a4c510ffb9f01fc7cab5e23f5ae818d72a66e1a",
        "type": "github"
      },
      "original": {
        "owner": "viperML",
        "repo": "wrapper-manager",
        "type": "github"
      }
    },
    "wrapper-manager-hm-compat": {
      "inputs": {
        "home-manager": [
          "home-manager"
        ],
        "nixpkgs": [
          "nixpkgs"
        ]
      },
      "locked": {
        "lastModified": 1696852272,
        "narHash": "sha256-JZlIWxCurPjOudY7Jl5523Kf32ZzXXr9OzusM4MDInQ=",
        "owner": "nrabulinski",
        "repo": "wrapper-manager-hm-compat",
        "rev": "287bdf3c13e4d865ea131cc9433dc991a98ee41a",
        "type": "github"
      },
      "original": {
        "owner": "nrabulinski",
        "repo": "wrapper-manager-hm-compat",
        "type": "github"
      }
    }
  },
  "root": "root",
  "version": 7
}
